
Microsoft Visual Studio Solution File, Format Version 12.00
# Visual Studio Version 17
VisualStudioVersion = 17.1.32319.34
MinimumVisualStudioVersion = 10.0.40219.1
Project("{FAE04EC0-301F-11D3-BF4B-00C04F79EFBC}") = "Somonov_BBBO-10-20", "Somonov_BBBO-10-20\Somonov_BBBO-10-20.csproj", "{7BB953BB-47BD-4344-81D9-2FB8348EF169}"
EndProject
Global
	GlobalSection(SolutionConfigurationPlatforms) = preSolution
		Debug|Any CPU = Debug|Any CPU
		Release|Any CPU = Release|Any CPU
	EndGlobalSection
	GlobalSection(ProjectConfigurationPlatforms) = postSolution
		{7BB953BB-47BD-4344-81D9-2FB8348EF169}.Debug|Any CPU.ActiveCfg = Debug|Any CPU
		{7BB953BB-47BD-4344-81D9-2FB8348EF169}.Debug|Any CPU.Build.0 = Debug|Any CPU
		{7BB953BB-47BD-4344-81D9-2FB8348EF169}.Release|Any CPU.ActiveCfg = Release|Any CPU
		{7BB953BB-47BD-4344-81D9-2FB8348EF169}.Release|Any CPU.Build.0 = Release|Any CPU
	EndGlobalSection
	GlobalSection(SolutionProperties) = preSolution
		HideSolutionNode = FALSE
	EndGlobalSection
	GlobalSection(ExtensibilityGlobals) = postSolution
		SolutionGuid = {F2DF4F6B-B9DE-42F8-ABD7-129D5C10F38D}
	EndGlobalSection
EndGlobal
